<?xml version="1.0" encoding="utf-8"?>
<Project ToolsVersion="4.0" xmlns="http://schemas.microsoft.com/developer/msbuild/2003">
  <ItemGroup>
    <Filter Include="Исходные файлы">
      <UniqueIdentifier>{4FC737F1-C7A5-4376-A066-2A32D752A2FF}</UniqueIdentifier>
      <Extensions>cpp;c;cc;cxx;c++;def;odl;idl;hpj;bat;asm;asmx</Extensions>
    </Filter>
    <Filter Include="Файлы заголовков">
      <UniqueIdentifier>{93995380-89BD-4b04-88EB-625FBE52EBFB}</UniqueIdentifier>
      <Extensions>h;hh;hpp;hxx;h++;hm;inl;inc;ipp;xsd</Extensions>
    </Filter>
    <Filter Include="Файлы ресурсов">
      <UniqueIdentifier>{67DA6AB6-F800-4c08-8B7A-83BB121AAD01}</UniqueIdentifier>
      <Extensions>rc;ico;cur;bmp;dlg;rc2;rct;bin;rgs;gif;jpg;jpeg;jpe;resx;tiff;tif;png;wav;mfcribbon-ms</Extensions>
    </Filter>
    <Filter Include="Файлы заголовков\about">
      <UniqueIdentifier>{70dac8bf-747c-4104-a74a-98418cfd7253}</UniqueIdentifier>
    </Filter>
    <Filter Include="Исходные файлы\about">
      <UniqueIdentifier>{932a4b06-b5ba-4061-ab27-c395d6b191c0}</UniqueIdentifier>
    </Filter>
    <Filter Include="Файлы ресурсов\about">
      <UniqueIdentifier>{34519af5-e07c-4562-b687-710491d85b47}</UniqueIdentifier>
    </Filter>
  </ItemGroup>
  <ItemGroup>
    <ClInclude Include="framework.h">
      <Filter>Файлы заголовков</Filter>
    </ClInclude>
    <ClInclude Include="targetver.h">
      <Filter>Файлы заголовков</Filter>
    </ClInclude>
    <ClInclude Include="Resource.h">
      <Filter>Файлы заголовков</Filter>
    </ClInclude>
    <ClInclude Include="Lab6.h">
      <Filter>Файлы заголовков</Filter>
    </ClInclude>
    <ClInclude Include="about.h">
      <Filter>Файлы заголовков\about</Filter>
    </ClInclude>
    <ClInclude Include="resource1.h">
      <Filter>Файлы заголовков</Filter>
    </ClInclude>
  </ItemGroup>
  <ItemGroup>
    <ClCompile Include="Lab6.cpp">
      <Filter>Исходные файлы</Filter>
    </ClCompile>
    <ClCompile Include="about.cpp">
      <Filter>Исходные файлы\about</Filter>
    </ClCompile>
  </ItemGroup>
  <ItemGroup>
    <ResourceCompile Include="Lab6.rc">
      <Filter>Файлы ресурсов</Filter>
    </ResourceCompile>
    <ResourceCompile Include="about.rc">
      <Filter>Файлы ресурсов\about</Filter>
    </ResourceCompile>
  </ItemGroup>
  <ItemGroup>
    <Image Include="small.ico">
      <Filter>Файлы ресурсов</Filter>
    </Image>
    <Image Include="Lab6.ico">
      <Filter>Файлы ресурсов</Filter>
    </Image>
  </ItemGroup>
  <ItemGroup>
    <None Include="about.rh">
      <Filter>Файлы ресурсов\about</Filter>
    </None>
    <None Include="Lab6.rh">
      <Filter>Файлы ресурсов</Filter>
    </None>
  </ItemGroup>
</Project>